// !$*UTF8*$!
{
	archiveVersion = 1;
	classes = {
	};
	objectVersion = 51;
	objects = {

/* Begin PBXBuildFile section */
		873DC1288B7CA22AA8BB6470 /* Pods_Photo_List.framework in Frameworks */ = {isa = PBXBuildFile; fileRef = 01A2D2EAF1CDD765EA49D132 /* Pods_Photo_List.framework */; };
		A14B0FDA25F7440800EBA138 /* PhotoCellViewModel.swift in Sources */ = {isa = PBXBuildFile; fileRef = A14B0FD925F7440800EBA138 /* PhotoCellViewModel.swift */; };
		A1512D2A260B82AE0083E0D7 /* ListViewModel.swift in Sources */ = {isa = PBXBuildFile; fileRef = A1512D29260B82AE0083E0D7 /* ListViewModel.swift */; };
		A1787EDA25F66A9100A0B07B /* ListViewController.swift in Sources */ = {isa = PBXBuildFile; fileRef = A1787ED925F66A9100A0B07B /* ListViewController.swift */; };
		A1787EE025F66E1F00A0B07B /* PhotoCellViewController.swift in Sources */ = {isa = PBXBuildFile; fileRef = A1787EDC25F66E1F00A0B07B /* PhotoCellViewController.swift */; };
		A1787EE125F66E1F00A0B07B /* Comment.swift in Sources */ = {isa = PBXBuildFile; fileRef = A1787EDD25F66E1F00A0B07B /* Comment.swift */; };
		A1787EE225F66E1F00A0B07B /* Photo.swift in Sources */ = {isa = PBXBuildFile; fileRef = A1787EDE25F66E1F00A0B07B /* Photo.swift */; };
		A1787EE325F66E1F00A0B07B /* UIImageView+SetImage.swift in Sources */ = {isa = PBXBuildFile; fileRef = A1787EDF25F66E1F00A0B07B /* UIImageView+SetImage.swift */; };
		A1787EF025F6836600A0B07B /* ApiService.swift in Sources */ = {isa = PBXBuildFile; fileRef = A1787EEF25F6836600A0B07B /* ApiService.swift */; };
		A1787EFA25F69CFB00A0B07B /* PhotoDetailViewController.swift in Sources */ = {isa = PBXBuildFile; fileRef = A1787EF925F69CFB00A0B07B /* PhotoDetailViewController.swift */; };
		A1787EFD25F69DBE00A0B07B /* CommentCellViewController.swift in Sources */ = {isa = PBXBuildFile; fileRef = A1787EFC25F69DBE00A0B07B /* CommentCellViewController.swift */; };
		A1787F0C25F6D46800A0B07B /* String+UppercaseFirstLetter.swift in Sources */ = {isa = PBXBuildFile; fileRef = A1787F0B25F6D46800A0B07B /* String+UppercaseFirstLetter.swift */; };
		A1787F1825F6F46B00A0B07B /* LoadingHUD.swift in Sources */ = {isa = PBXBuildFile; fileRef = A1787F1725F6F46B00A0B07B /* LoadingHUD.swift */; };
		A18D695725F74D22009DFFD0 /* CommentCellViewModel.swift in Sources */ = {isa = PBXBuildFile; fileRef = A18D695625F74D22009DFFD0 /* CommentCellViewModel.swift */; };
		A18D695A25F75742009DFFD0 /* PhotoDetailViewModel.swift in Sources */ = {isa = PBXBuildFile; fileRef = A18D695925F75742009DFFD0 /* PhotoDetailViewModel.swift */; };
		A190101E25F6673200E5EB65 /* AppDelegate.swift in Sources */ = {isa = PBXBuildFile; fileRef = A190101D25F6673200E5EB65 /* AppDelegate.swift */; };
		A190102025F6673200E5EB65 /* SceneDelegate.swift in Sources */ = {isa = PBXBuildFile; fileRef = A190101F25F6673200E5EB65 /* SceneDelegate.swift */; };
		A190102725F6673500E5EB65 /* Assets.xcassets in Resources */ = {isa = PBXBuildFile; fileRef = A190102625F6673500E5EB65 /* Assets.xcassets */; };
		A190102A25F6673500E5EB65 /* LaunchScreen.storyboard in Resources */ = {isa = PBXBuildFile; fileRef = A190102825F6673500E5EB65 /* LaunchScreen.storyboard */; };
/* End PBXBuildFile section */

/* Begin PBXFileReference section */
		01A2D2EAF1CDD765EA49D132 /* Pods_Photo_List.framework */ = {isa = PBXFileReference; explicitFileType = wrapper.framework; includeInIndex = 0; path = Pods_Photo_List.framework; sourceTree = BUILT_PRODUCTS_DIR; };
		82267CC83F0B1F955CA3D3F8 /* Pods-Photo List.debug.xcconfig */ = {isa = PBXFileReference; includeInIndex = 1; lastKnownFileType = text.xcconfig; name = "Pods-Photo List.debug.xcconfig"; path = "Target Support Files/Pods-Photo List/Pods-Photo List.debug.xcconfig"; sourceTree = "<group>"; };
		87B8DA3749BCFCDF843A1B08 /* Pods-Photo List.release.xcconfig */ = {isa = PBXFileReference; includeInIndex = 1; lastKnownFileType = text.xcconfig; name = "Pods-Photo List.release.xcconfig"; path = "Target Support Files/Pods-Photo List/Pods-Photo List.release.xcconfig"; sourceTree = "<group>"; };
		A14B0FD925F7440800EBA138 /* PhotoCellViewModel.swift */ = {isa = PBXFileReference; lastKnownFileType = sourcecode.swift; path = PhotoCellViewModel.swift; sourceTree = "<group>"; };
		A1512D29260B82AE0083E0D7 /* ListViewModel.swift */ = {isa = PBXFileReference; lastKnownFileType = sourcecode.swift; path = ListViewModel.swift; sourceTree = "<group>"; };
		A1787ED925F66A9100A0B07B /* ListViewController.swift */ = {isa = PBXFileReference; lastKnownFileType = sourcecode.swift; path = ListViewController.swift; sourceTree = "<group>"; };
		A1787EDC25F66E1F00A0B07B /* PhotoCellViewController.swift */ = {isa = PBXFileReference; fileEncoding = 4; lastKnownFileType = sourcecode.swift; path = PhotoCellViewController.swift; sourceTree = "<group>"; };
		A1787EDD25F66E1F00A0B07B /* Comment.swift */ = {isa = PBXFileReference; fileEncoding = 4; lastKnownFileType = sourcecode.swift; path = Comment.swift; sourceTree = "<group>"; };
		A1787EDE25F66E1F00A0B07B /* Photo.swift */ = {isa = PBXFileReference; fileEncoding = 4; lastKnownFileType = sourcecode.swift; path = Photo.swift; sourceTree = "<group>"; };
		A1787EDF25F66E1F00A0B07B /* UIImageView+SetImage.swift */ = {isa = PBXFileReference; fileEncoding = 4; lastKnownFileType = sourcecode.swift; path = "UIImageView+SetImage.swift"; sourceTree = "<group>"; };
		A1787EEF25F6836600A0B07B /* ApiService.swift */ = {isa = PBXFileReference; lastKnownFileType = sourcecode.swift; path = ApiService.swift; sourceTree = "<group>"; };
		A1787EF925F69CFB00A0B07B /* PhotoDetailViewController.swift */ = {isa = PBXFileReference; fileEncoding = 4; lastKnownFileType = sourcecode.swift; path = PhotoDetailViewController.swift; sourceTree = "<group>"; };
		A1787EFC25F69DBE00A0B07B /* CommentCellViewController.swift */ = {isa = PBXFileReference; fileEncoding = 4; lastKnownFileType = sourcecode.swift; path = CommentCellViewController.swift; sourceTree = "<group>"; };
		A1787F0B25F6D46800A0B07B /* String+UppercaseFirstLetter.swift */ = {isa = PBXFileReference; lastKnownFileType = sourcecode.swift; path = "String+UppercaseFirstLetter.swift"; sourceTree = "<group>"; };
		A1787F1725F6F46B00A0B07B /* LoadingHUD.swift */ = {isa = PBXFileReference; lastKnownFileType = sourcecode.swift; path = LoadingHUD.swift; sourceTree = "<group>"; };
		A18D695625F74D22009DFFD0 /* CommentCellViewModel.swift */ = {isa = PBXFileReference; lastKnownFileType = sourcecode.swift; path = CommentCellViewModel.swift; sourceTree = "<group>"; };
		A18D695925F75742009DFFD0 /* PhotoDetailViewModel.swift */ = {isa = PBXFileReference; lastKnownFileType = sourcecode.swift; path = PhotoDetailViewModel.swift; sourceTree = "<group>"; };
		A190101A25F6673200E5EB65 /* Photo List.app */ = {isa = PBXFileReference; explicitFileType = wrapper.application; includeInIndex = 0; path = "Photo List.app"; sourceTree = BUILT_PRODUCTS_DIR; };
		A190101D25F6673200E5EB65 /* AppDelegate.swift */ = {isa = PBXFileReference; lastKnownFileType = sourcecode.swift; path = AppDelegate.swift; sourceTree = "<group>"; };
		A190101F25F6673200E5EB65 /* SceneDelegate.swift */ = {isa = PBXFileReference; lastKnownFileType = sourcecode.swift; path = SceneDelegate.swift; sourceTree = "<group>"; };
		A190102625F6673500E5EB65 /* Assets.xcassets */ = {isa = PBXFileReference; lastKnownFileType = folder.assetcatalog; path = Assets.xcassets; sourceTree = "<group>"; };
		A190102925F6673500E5EB65 /* Base */ = {isa = PBXFileReference; lastKnownFileType = file.storyboard; name = Base; path = Base.lproj/LaunchScreen.storyboard; sourceTree = "<group>"; };
		A190102B25F6673500E5EB65 /* Info.plist */ = {isa = PBXFileReference; lastKnownFileType = text.plist.xml; path = Info.plist; sourceTree = "<group>"; };
/* End PBXFileReference section */

/* Begin PBXFrameworksBuildPhase section */
		A190101725F6673200E5EB65 /* Frameworks */ = {
			isa = PBXFrameworksBuildPhase;
			buildActionMask = 2147483647;
			files = (
				873DC1288B7CA22AA8BB6470 /* Pods_Photo_List.framework in Frameworks */,
			);
			runOnlyForDeploymentPostprocessing = 0;
		};
/* End PBXFrameworksBuildPhase section */

/* Begin PBXGroup section */
		93DC25DC34BCF57569B6EE3D /* Frameworks */ = {
			isa = PBXGroup;
			children = (
				01A2D2EAF1CDD765EA49D132 /* Pods_Photo_List.framework */,
			);
			name = Frameworks;
			sourceTree = "<group>";
		};
		A116CA5425FFE0220025D040 /* Misc Extensions */ = {
			isa = PBXGroup;
			children = (
				A1787EDF25F66E1F00A0B07B /* UIImageView+SetImage.swift */,
				A1787F0B25F6D46800A0B07B /* String+UppercaseFirstLetter.swift */,
			);
			path = "Misc Extensions";
			sourceTree = "<group>";
		};
		A14B0FD325F728F700EBA138 /* Models */ = {
			isa = PBXGroup;
			children = (
				A1787EDD25F66E1F00A0B07B /* Comment.swift */,
				A1787EDE25F66E1F00A0B07B /* Photo.swift */,
			);
			path = Models;
			sourceTree = "<group>";
		};
		A14B0FD425F728FE00EBA138 /* Controllers */ = {
			isa = PBXGroup;
			children = (
				A1AB8B3D260CC5E100B90511 /* Cells */,
				A1AB8B3C260CC5D900B90511 /* Views */,
			);
			path = Controllers;
			sourceTree = "<group>";
		};
		A14B0FD625F7291500EBA138 /* ViewModels */ = {
			isa = PBXGroup;
			children = (
				A1AB8B3F260CC61A00B90511 /* Cells */,
				A1AB8B3E260CC61400B90511 /* Views */,
			);
			path = ViewModels;
			sourceTree = "<group>";
		};
		A14B0FD725F7292000EBA138 /* Services */ = {
			isa = PBXGroup;
			children = (
				A1787EEF25F6836600A0B07B /* ApiService.swift */,
			);
			path = Services;
			sourceTree = "<group>";
		};
		A14B0FD825F729D600EBA138 /* Utilities */ = {
			isa = PBXGroup;
			children = (
				A1787F1725F6F46B00A0B07B /* LoadingHUD.swift */,
			);
			path = Utilities;
			sourceTree = "<group>";
		};
		A190101125F6673200E5EB65 = {
			isa = PBXGroup;
			children = (
				A190101C25F6673200E5EB65 /* Photo List */,
				A190101B25F6673200E5EB65 /* Products */,
				B4FE6E42D660A6B8A1864DEF /* Pods */,
				93DC25DC34BCF57569B6EE3D /* Frameworks */,
			);
			sourceTree = "<group>";
		};
		A190101B25F6673200E5EB65 /* Products */ = {
			isa = PBXGroup;
			children = (
				A190101A25F6673200E5EB65 /* Photo List.app */,
			);
			name = Products;
			sourceTree = "<group>";
		};
		A190101C25F6673200E5EB65 /* Photo List */ = {
			isa = PBXGroup;
			children = (
				A116CA5425FFE0220025D040 /* Misc Extensions */,
				A14B0FD825F729D600EBA138 /* Utilities */,
				A14B0FD325F728F700EBA138 /* Models */,
				A14B0FD625F7291500EBA138 /* ViewModels */,
				A14B0FD425F728FE00EBA138 /* Controllers */,
				A14B0FD725F7292000EBA138 /* Services */,
				A190101F25F6673200E5EB65 /* SceneDelegate.swift */,
				A190101D25F6673200E5EB65 /* AppDelegate.swift */,
				A190102625F6673500E5EB65 /* Assets.xcassets */,
				A190102825F6673500E5EB65 /* LaunchScreen.storyboard */,
				A190102B25F6673500E5EB65 /* Info.plist */,
			);
			path = "Photo List";
			sourceTree = "<group>";
		};
		A1AB8B3C260CC5D900B90511 /* Views */ = {
			isa = PBXGroup;
			children = (
				A1787ED925F66A9100A0B07B /* ListViewController.swift */,
				A1787EF925F69CFB00A0B07B /* PhotoDetailViewController.swift */,
			);
			path = Views;
			sourceTree = "<group>";
		};
		A1AB8B3D260CC5E100B90511 /* Cells */ = {
			isa = PBXGroup;
			children = (
				A1787EFC25F69DBE00A0B07B /* CommentCellViewController.swift */,
				A1787EDC25F66E1F00A0B07B /* PhotoCellViewController.swift */,
			);
			path = Cells;
			sourceTree = "<group>";
		};
		A1AB8B3E260CC61400B90511 /* Views */ = {
			isa = PBXGroup;
			children = (
				A1512D29260B82AE0083E0D7 /* ListViewModel.swift */,
				A18D695925F75742009DFFD0 /* PhotoDetailViewModel.swift */,
			);
			path = Views;
			sourceTree = "<group>";
		};
		A1AB8B3F260CC61A00B90511 /* Cells */ = {
			isa = PBXGroup;
			children = (
				A14B0FD925F7440800EBA138 /* PhotoCellViewModel.swift */,
				A18D695625F74D22009DFFD0 /* CommentCellViewModel.swift */,
			);
			path = Cells;
			sourceTree = "<group>";
		};
		B4FE6E42D660A6B8A1864DEF /* Pods */ = {
			isa = PBXGroup;
			children = (
				82267CC83F0B1F955CA3D3F8 /* Pods-Photo List.debug.xcconfig */,
				87B8DA3749BCFCDF843A1B08 /* Pods-Photo List.release.xcconfig */,
			);
			path = Pods;
			sourceTree = "<group>";
		};
/* End PBXGroup section */

/* Begin PBXNativeTarget section */
		A190101925F6673200E5EB65 /* Photo List */ = {
			isa = PBXNativeTarget;
			buildConfigurationList = A190102E25F6673500E5EB65 /* Build configuration list for PBXNativeTarget "Photo List" */;
			buildPhases = (
				FE1C2A46A47571511BA9232C /* [CP] Check Pods Manifest.lock */,
				A190101625F6673200E5EB65 /* Sources */,
				A190101725F6673200E5EB65 /* Frameworks */,
				A190101825F6673200E5EB65 /* Resources */,
				6462B0BE9C19644AF7F5A447 /* [CP] Embed Pods Frameworks */,
			);
			buildRules = (
			);
			dependencies = (
			);
			name = "Photo List";
			productName = "Photo List";
			productReference = A190101A25F6673200E5EB65 /* Photo List.app */;
			productType = "com.apple.product-type.application";
		};
/* End PBXNativeTarget section */

/* Begin PBXProject section */
		A190101225F6673200E5EB65 /* Project object */ = {
			isa = PBXProject;
			attributes = {
				LastSwiftUpdateCheck = 1240;
				LastUpgradeCheck = 1240;
				TargetAttributes = {
					A190101925F6673200E5EB65 = {
						CreatedOnToolsVersion = 12.4;
					};
				};
			};
			buildConfigurationList = A190101525F6673200E5EB65 /* Build configuration list for PBXProject "Photo List" */;
			compatibilityVersion = "Xcode 9.3";
			developmentRegion = en;
			hasScannedForEncodings = 0;
			knownRegions = (
				en,
				Base,
			);
			mainGroup = A190101125F6673200E5EB65;
			productRefGroup = A190101B25F6673200E5EB65 /* Products */;
			projectDirPath = "";
			projectRoot = "";
			targets = (
				A190101925F6673200E5EB65 /* Photo List */,
			);
		};
/* End PBXProject section */

/* Begin PBXResourcesBuildPhase section */
		A190101825F6673200E5EB65 /* Resources */ = {
			isa = PBXResourcesBuildPhase;
			buildActionMask = 2147483647;
			files = (
				A190102A25F6673500E5EB65 /* LaunchScreen.storyboard in Resources */,
				A190102725F6673500E5EB65 /* Assets.xcassets in Resources */,
			);
			runOnlyForDeploymentPostprocessing = 0;
		};
/* End PBXResourcesBuildPhase section */

/* Begin PBXShellScriptBuildPhase section */
		6462B0BE9C19644AF7F5A447 /* [CP] Embed Pods Frameworks */ = {
			isa = PBXShellScriptBuildPhase;
			buildActionMask = 2147483647;
			files = (
			);
			inputFileListPaths = (
				"${PODS_ROOT}/Target Support Files/Pods-Photo List/Pods-Photo List-frameworks-${CONFIGURATION}-input-files.xcfilelist",
			);
			name = "[CP] Embed Pods Frameworks";
			outputFileListPaths = (
				"${PODS_ROOT}/Target Support Files/Pods-Photo List/Pods-Photo List-frameworks-${CONFIGURATION}-output-files.xcfilelist",
			);
			runOnlyForDeploymentPostprocessing = 0;
			shellPath = /bin/sh;
			shellScript = "\"${PODS_ROOT}/Target Support Files/Pods-Photo List/Pods-Photo List-frameworks.sh\"\n";
			showEnvVarsInLog = 0;
		};
		FE1C2A46A47571511BA9232C /* [CP] Check Pods Manifest.lock */ = {
			isa = PBXShellScriptBuildPhase;
			buildActionMask = 2147483647;
			files = (
			);
			inputFileListPaths = (
			);
			inputPaths = (
				"${PODS_PODFILE_DIR_PATH}/Podfile.lock",
				"${PODS_ROOT}/Manifest.lock",
			);
			name = "[CP] Check Pods Manifest.lock";
			outputFileListPaths = (
			);
			outputPaths = (
				"$(DERIVED_FILE_DIR)/Pods-Photo List-checkManifestLockResult.txt",
			);
			runOnlyForDeploymentPostprocessing = 0;
			shellPath = /bin/sh;
			shellScript = "diff \"${PODS_PODFILE_DIR_PATH}/Podfile.lock\" \"${PODS_ROOT}/Manifest.lock\" > /dev/null\nif [ $? != 0 ] ; then\n    # print error to STDERR\n    echo \"error: The sandbox is not in sync with the Podfile.lock. Run 'pod install' or update your CocoaPods installation.\" >&2\n    exit 1\nfi\n# This output is used by Xcode 'outputs' to avoid re-running this script phase.\necho \"SUCCESS\" > \"${SCRIPT_OUTPUT_FILE_0}\"\n";
			showEnvVarsInLog = 0;
		};
/* End PBXShellScriptBuildPhase section */

/* Begin PBXSourcesBuildPhase section */
		A190101625F6673200E5EB65 /* Sources */ = {
			isa = PBXSourcesBuildPhase;
			buildActionMask = 2147483647;
			files = (
				A1787EE225F66E1F00A0B07B /* Photo.swift in Sources */,
				A1787EE125F66E1F00A0B07B /* Comment.swift in Sources */,
				A1787F0C25F6D46800A0B07B /* String+UppercaseFirstLetter.swift in Sources */,
				A1787EE025F66E1F00A0B07B /* PhotoCellViewController.swift in Sources */,
				A1787F1825F6F46B00A0B07B /* LoadingHUD.swift in Sources */,
				A190101E25F6673200E5EB65 /* AppDelegate.swift in Sources */,
				A18D695A25F75742009DFFD0 /* PhotoDetailViewModel.swift in Sources */,
				A1787EFA25F69CFB00A0B07B /* PhotoDetailViewController.swift in Sources */,
				A1787EFD25F69DBE00A0B07B /* CommentCellViewController.swift in Sources */,
				A190102025F6673200E5EB65 /* SceneDelegate.swift in Sources */,
				A14B0FDA25F7440800EBA138 /* PhotoCellViewModel.swift in Sources */,
				A1787EDA25F66A9100A0B07B /* ListViewController.swift in Sources */,
				A1787EF025F6836600A0B07B /* ApiService.swift in Sources */,
				A1512D2A260B82AE0083E0D7 /* ListViewModel.swift in Sources */,
				A18D695725F74D22009DFFD0 /* CommentCellViewModel.swift in Sources */,
				A1787EE325F66E1F00A0B07B /* UIImageView+SetImage.swift in Sources */,
			);
			runOnlyForDeploymentPostprocessing = 0;
		};
/* End PBXSourcesBuildPhase section */

/* Begin PBXVariantGroup section */
		A190102825F6673500E5EB65 /* LaunchScreen.storyboard */ = {
			isa = PBXVariantGroup;
			children = (
				A190102925F6673500E5EB65 /* Base */,
			);
			name = LaunchScreen.storyboard;
			sourceTree = "<group>";
		};
/* End PBXVariantGroup section */

/* Begin XCBuildConfiguration section */
		A190102C25F6673500E5EB65 /* Debug */ = {
			isa = XCBuildConfiguration;
			buildSettings = {
				ALWAYS_SEARCH_USER_PATHS = NO;
				CLANG_ANALYZER_NONNULL = YES;
				CLANG_ANALYZER_NUMBER_OBJECT_CONVERSION = YES_AGGRESSIVE;
				CLANG_CXX_LANGUAGE_STANDARD = "gnu++14";
				CLANG_CXX_LIBRARY = "libc++";
				CLANG_ENABLE_MODULES = YES;
				CLANG_ENABLE_OBJC_ARC = YES;
				CLANG_ENABLE_OBJC_WEAK = YES;
				CLANG_WARN_BLOCK_CAPTURE_AUTORELEASING = YES;
				CLANG_WARN_BOOL_CONVERSION = YES;
				CLANG_WARN_COMMA = YES;
				CLANG_WARN_CONSTANT_CONVERSION = YES;
				CLANG_WARN_DEPRECATED_OBJC_IMPLEMENTATIONS = YES;
				CLANG_WARN_DIRECT_OBJC_ISA_USAGE = YES_ERROR;
				CLANG_WARN_DOCUMENTATION_COMMENTS = YES;
				CLANG_WARN_EMPTY_BODY = YES;
				CLANG_WARN_ENUM_CONVERSION = YES;
				CLANG_WARN_INFINITE_RECURSION = YES;
				CLANG_WARN_INT_CONVERSION = YES;
				CLANG_WARN_NON_LITERAL_NULL_CONVERSION = YES;
				CLANG_WARN_OBJC_IMPLICIT_RETAIN_SELF = YES;
				CLANG_WARN_OBJC_LITERAL_CONVERSION = YES;
				CLANG_WARN_OBJC_ROOT_CLASS = YES_ERROR;
				CLANG_WARN_QUOTED_INCLUDE_IN_FRAMEWORK_HEADER = YES;
				CLANG_WARN_RANGE_LOOP_ANALYSIS = YES;
				CLANG_WARN_STRICT_PROTOTYPES = YES;
				CLANG_WARN_SUSPICIOUS_MOVE = YES;
				CLANG_WARN_UNGUARDED_AVAILABILITY = YES_AGGRESSIVE;
				CLANG_WARN_UNREACHABLE_CODE = YES;
				CLANG_WARN__DUPLICATE_METHOD_MATCH = YES;
				COPY_PHASE_STRIP = NO;
				DEBUG_INFORMATION_FORMAT = dwarf;
				ENABLE_STRICT_OBJC_MSGSEND = YES;
				ENABLE_TESTABILITY = YES;
				GCC_C_LANGUAGE_STANDARD = gnu11;
				GCC_DYNAMIC_NO_PIC = NO;
				GCC_NO_COMMON_BLOCKS = YES;
				GCC_OPTIMIZATION_LEVEL = 0;
				GCC_PREPROCESSOR_DEFINITIONS = (
					"DEBUG=1",
					"$(inherited)",
				);
				GCC_WARN_64_TO_32_BIT_CONVERSION = YES;
				GCC_WARN_ABOUT_RETURN_TYPE = YES_ERROR;
				GCC_WARN_UNDECLARED_SELECTOR = YES;
				GCC_WARN_UNINITIALIZED_AUTOS = YES_AGGRESSIVE;
				GCC_WARN_UNUSED_FUNCTION = YES;
				GCC_WARN_UNUSED_VARIABLE = YES;
				IPHONEOS_DEPLOYMENT_TARGET = 14.4;
				MTL_ENABLE_DEBUG_INFO = INCLUDE_SOURCE;
				MTL_FAST_MATH = YES;
				ONLY_ACTIVE_ARCH = YES;
				SDKROOT = iphoneos;
				SWIFT_ACTIVE_COMPILATION_CONDITIONS = DEBUG;
				SWIFT_OPTIMIZATION_LEVEL = "-Onone";
			};
			name = Debug;
		};
		A190102D25F6673500E5EB65 /* Release */ = {
			isa = XCBuildConfiguration;
			buildSettings = {
				ALWAYS_SEARCH_USER_PATHS = NO;
				CLANG_ANALYZER_NONNULL = YES;
				CLANG_ANALYZER_NUMBER_OBJECT_CONVERSION = YES_AGGRESSIVE;
				CLANG_CXX_LANGUAGE_STANDARD = "gnu++14";
				CLANG_CXX_LIBRARY = "libc++";
				CLANG_ENABLE_MODULES = YES;
				CLANG_ENABLE_OBJC_ARC = YES;
				CLANG_ENABLE_OBJC_WEAK = YES;
				CLANG_WARN_BLOCK_CAPTURE_AUTORELEASING = YES;
				CLANG_WARN_BOOL_CONVERSION = YES;
				CLANG_WARN_COMMA = YES;
				CLANG_WARN_CONSTANT_CONVERSION = YES;
				CLANG_WARN_DEPRECATED_OBJC_IMPLEMENTATIONS = YES;
				CLANG_WARN_DIRECT_OBJC_ISA_USAGE = YES_ERROR;
				CLANG_WARN_DOCUMENTATION_COMMENTS = YES;
				CLANG_WARN_EMPTY_BODY = YES;
				CLANG_WARN_ENUM_CONVERSION = YES;
				CLANG_WARN_INFINITE_RECURSION = YES;
				CLANG_WARN_INT_CONVERSION = YES;
				CLANG_WARN_NON_LITERAL_NULL_CONVERSION = YES;
				CLANG_WARN_OBJC_IMPLICIT_RETAIN_SELF = YES;
				CLANG_WARN_OBJC_LITERAL_CONVERSION = YES;
				CLANG_WARN_OBJC_ROOT_CLASS = YES_ERROR;
				CLANG_WARN_QUOTED_INCLUDE_IN_FRAMEWORK_HEADER = YES;
				CLANG_WARN_RANGE_LOOP_ANALYSIS = YES;
				CLANG_WARN_STRICT_PROTOTYPES = YES;
				CLANG_WARN_SUSPICIOUS_MOVE = YES;
				CLANG_WARN_UNGUARDED_AVAILABILITY = YES_AGGRESSIVE;
				CLANG_WARN_UNREACHABLE_CODE = YES;
				CLANG_WARN__DUPLICATE_METHOD_MATCH = YES;
				COPY_PHASE_STRIP = NO;
				DEBUG_INFORMATION_FORMAT = "dwarf-with-dsym";
				ENABLE_NS_ASSERTIONS = NO;
				ENABLE_STRICT_OBJC_MSGSEND = YES;
				GCC_C_LANGUAGE_STANDARD = gnu11;
				GCC_NO_COMMON_BLOCKS = YES;
				GCC_WARN_64_TO_32_BIT_CONVERSION = YES;
				GCC_WARN_ABOUT_RETURN_TYPE = YES_ERROR;
				GCC_WARN_UNDECLARED_SELECTOR = YES;
				GCC_WARN_UNINITIALIZED_AUTOS = YES_AGGRESSIVE;
				GCC_WARN_UNUSED_FUNCTION = YES;
				GCC_WARN_UNUSED_VARIABLE = YES;
				IPHONEOS_DEPLOYMENT_TARGET = 14.4;
				MTL_ENABLE_DEBUG_INFO = NO;
				MTL_FAST_MATH = YES;
				SDKROOT = iphoneos;
				SWIFT_COMPILATION_MODE = wholemodule;
				SWIFT_OPTIMIZATION_LEVEL = "-O";
				VALIDATE_PRODUCT = YES;
			};
			name = Release;
		};
		A190102F25F6673500E5EB65 /* Debug */ = {
			isa = XCBuildConfiguration;
			baseConfigurationReference = 82267CC83F0B1F955CA3D3F8 /* Pods-Photo List.debug.xcconfig */;
			buildSettings = {
				ASSETCATALOG_COMPILER_APPICON_NAME = AppIcon;
				ASSETCATALOG_COMPILER_GLOBAL_ACCENT_COLOR_NAME = AccentColor;
				CODE_SIGN_STYLE = Automatic;
				DEVELOPMENT_TEAM = QEXLSR9953;
				INFOPLIST_FILE = "Photo List/Info.plist";
				LD_RUNPATH_SEARCH_PATHS = (
					"$(inherited)",
					"@executable_path/Frameworks",
				);
				PRODUCT_BUNDLE_IDENTIFIER = "com.prik.m2mobi.Photo-List";
				PRODUCT_NAME = "$(TARGET_NAME)";
				SWIFT_VERSION = 5.0;
				TARGETED_DEVICE_FAMILY = "1,2";
			};
			name = Debug;
		};
		A190103025F6673500E5EB65 /* Release */ = {
			isa = XCBuildConfiguration;
			baseConfigurationReference = 87B8DA3749BCFCDF843A1B08 /* Pods-Photo List.release.xcconfig */;
			buildSettings = {
				ASSETCATALOG_COMPILER_APPICON_NAME = AppIcon;
				ASSETCATALOG_COMPILER_GLOBAL_ACCENT_COLOR_NAME = AccentColor;
				CODE_SIGN_STYLE = Automatic;
				DEVELOPMENT_TEAM = QEXLSR9953;
				INFOPLIST_FILE = "Photo List/Info.plist";
				LD_RUNPATH_SEARCH_PATHS = (
					"$(inherited)",
					"@executable_path/Frameworks",
				);
				PRODUCT_BUNDLE_IDENTIFIER = "com.prik.m2mobi.Photo-List";
				PRODUCT_NAME = "$(TARGET_NAME)";
				SWIFT_VERSION = 5.0;
				TARGETED_DEVICE_FAMILY = "1,2";
			};
			name = Release;
		};
/* End XCBuildConfiguration section */

/* Begin XCConfigurationList section */
		A190101525F6673200E5EB65 /* Build configuration list for PBXProject "Photo List" */ = {
			isa = XCConfigurationList;
			buildConfigurations = (
				A190102C25F6673500E5EB65 /* Debug */,
				A190102D25F6673500E5EB65 /* Release */,
			);
			defaultConfigurationIsVisible = 0;
			defaultConfigurationName = Release;
		};
		A190102E25F6673500E5EB65 /* Build configuration list for PBXNativeTarget "Photo List" */ = {
			isa = XCConfigurationList;
			buildConfigurations = (
				A190102F25F6673500E5EB65 /* Debug */,
				A190103025F6673500E5EB65 /* Release */,
			);
			defaultConfigurationIsVisible = 0;
			defaultConfigurationName = Release;
		};
/* End XCConfigurationList section */
	};
	rootObject = A190101225F6673200E5EB65 /* Project object */;
}
